
Microsoft Visual Studio Solution File, Format Version 12.00
# Visual Studio 14
VisualStudioVersion = 14.0.25420.1
MinimumVisualStudioVersion = 10.0.40219.1
Project("{FAE04EC0-301F-11D3-BF4B-00C04F79EFBC}") = "BikeBook", "BikeBook\BikeBook\BikeBook.csproj", "{1C212ADE-1663-4AA5-B9C5-ADFEE9EAE017}"
EndProject
Project("{FAE04EC0-301F-11D3-BF4B-00C04F79EFBC}") = "BikeBook.Droid", "BikeBook\BikeBook.Droid\BikeBook.Droid.csproj", "{C4E7EBFF-718E-479A-9011-1995D8159011}"
EndProject
Project("{FAE04EC0-301F-11D3-BF4B-00C04F79EFBC}") = "BikeBook.iOS", "BikeBook\BikeBook.iOS\BikeBook.iOS.csproj", "{20A548E4-BEC6-48F5-9889-8B44ED24CE37}"
EndProject
Project("{FAE04EC0-301F-11D3-BF4B-00C04F79EFBC}") = "PortableWebService", "..\ClientWebService\PortableWebService\PortableWebService.csproj", "{C3C4E4FB-A46C-41D7-A08A-62E45E386D4F}"
EndProject
Global
	GlobalSection(SolutionConfigurationPlatforms) = preSolution
		Ad-Hoc|Any CPU = Ad-Hoc|Any CPU
		Ad-Hoc|iPhone = Ad-Hoc|iPhone
		Ad-Hoc|iPhoneSimulator = Ad-Hoc|iPhoneSimulator
		AppStore|Any CPU = AppStore|Any CPU
		AppStore|iPhone = AppStore|iPhone
		AppStore|iPhoneSimulator = AppStore|iPhoneSimulator
		Debug|Any CPU = Debug|Any CPU
		Debug|iPhone = Debug|iPhone
		Debug|iPhoneSimulator = Debug|iPhoneSimulator
		Release|Any CPU = Release|Any CPU
		Release|iPhone = Release|iPhone
		Release|iPhoneSimulator = Release|iPhoneSimulator
	EndGlobalSection
	GlobalSection(ProjectConfigurationPlatforms) = postSolution
		{1C212ADE-1663-4AA5-B9C5-ADFEE9EAE017}.Ad-Hoc|Any CPU.ActiveCfg = Release|Any CPU
		{1C212ADE-1663-4AA5-B9C5-ADFEE9EAE017}.Ad-Hoc|Any CPU.Build.0 = Release|Any CPU
		{1C212ADE-1663-4AA5-B9C5-ADFEE9EAE017}.Ad-Hoc|iPhone.ActiveCfg = Release|Any CPU
		{1C212ADE-1663-4AA5-B9C5-ADFEE9EAE017}.Ad-Hoc|iPhone.Build.0 = Release|Any CPU
		{1C212ADE-1663-4AA5-B9C5-ADFEE9EAE017}.Ad-Hoc|iPhoneSimulator.ActiveCfg = Release|Any CPU
		{1C212ADE-1663-4AA5-B9C5-ADFEE9EAE017}.Ad-Hoc|iPhoneSimulator.Build.0 = Release|Any CPU
		{1C212ADE-1663-4AA5-B9C5-ADFEE9EAE017}.AppStore|Any CPU.ActiveCfg = Release|Any CPU
		{1C212ADE-1663-4AA5-B9C5-ADFEE9EAE017}.AppStore|Any CPU.Build.0 = Release|Any CPU
		{1C212ADE-1663-4AA5-B9C5-ADFEE9EAE017}.AppStore|iPhone.ActiveCfg = Release|Any CPU
		{1C212ADE-1663-4AA5-B9C5-ADFEE9EAE017}.AppStore|iPhone.Build.0 = Release|Any CPU
		{1C212ADE-1663-4AA5-B9C5-ADFEE9EAE017}.AppStore|iPhoneSimulator.ActiveCfg = Release|Any CPU
		{1C212ADE-1663-4AA5-B9C5-ADFEE9EAE017}.AppStore|iPhoneSimulator.Build.0 = Release|Any CPU
		{1C212ADE-1663-4AA5-B9C5-ADFEE9EAE017}.Debug|Any CPU.ActiveCfg = Debug|Any CPU
		{1C212ADE-1663-4AA5-B9C5-ADFEE9EAE017}.Debug|Any CPU.Build.0 = Debug|Any CPU
		{1C212ADE-1663-4AA5-B9C5-ADFEE9EAE017}.Debug|Any CPU.Deploy.0 = Debug|Any CPU
		{1C212ADE-1663-4AA5-B9C5-ADFEE9EAE017}.Debug|iPhone.ActiveCfg = Debug|Any CPU
		{1C212ADE-1663-4AA5-B9C5-ADFEE9EAE017}.Debug|iPhone.Build.0 = Debug|Any CPU
		{1C212ADE-1663-4AA5-B9C5-ADFEE9EAE017}.Debug|iPhoneSimulator.ActiveCfg = Debug|Any CPU
		{1C212ADE-1663-4AA5-B9C5-ADFEE9EAE017}.Debug|iPhoneSimulator.Build.0 = Debug|Any CPU
		{1C212ADE-1663-4AA5-B9C5-ADFEE9EAE017}.Release|Any CPU.ActiveCfg = Release|Any CPU
		{1C212ADE-1663-4AA5-B9C5-ADFEE9EAE017}.Release|Any CPU.Build.0 = Release|Any CPU
		{1C212ADE-1663-4AA5-B9C5-ADFEE9EAE017}.Release|iPhone.ActiveCfg = Release|Any CPU
		{1C212ADE-1663-4AA5-B9C5-ADFEE9EAE017}.Release|iPhone.Build.0 = Release|Any CPU
		{1C212ADE-1663-4AA5-B9C5-ADFEE9EAE017}.Release|iPhoneSimulator.ActiveCfg = Release|Any CPU
		{1C212ADE-1663-4AA5-B9C5-ADFEE9EAE017}.Release|iPhoneSimulator.Build.0 = Release|Any CPU
		{C4E7EBFF-718E-479A-9011-1995D8159011}.Ad-Hoc|Any CPU.ActiveCfg = Release|Any CPU
		{C4E7EBFF-718E-479A-9011-1995D8159011}.Ad-Hoc|Any CPU.Build.0 = Release|Any CPU
		{C4E7EBFF-718E-479A-9011-1995D8159011}.Ad-Hoc|Any CPU.Deploy.0 = Release|Any CPU
		{C4E7EBFF-718E-479A-9011-1995D8159011}.Ad-Hoc|iPhone.ActiveCfg = Release|Any CPU
		{C4E7EBFF-718E-479A-9011-1995D8159011}.Ad-Hoc|iPhone.Build.0 = Release|Any CPU
		{C4E7EBFF-718E-479A-9011-1995D8159011}.Ad-Hoc|iPhone.Deploy.0 = Release|Any CPU
		{C4E7EBFF-718E-479A-9011-1995D8159011}.Ad-Hoc|iPhoneSimulator.ActiveCfg = Release|Any CPU
		{C4E7EBFF-718E-479A-9011-1995D8159011}.Ad-Hoc|iPhoneSimulator.Build.0 = Release|Any CPU
		{C4E7EBFF-718E-479A-9011-1995D8159011}.Ad-Hoc|iPhoneSimulator.Deploy.0 = Release|Any CPU
		{C4E7EBFF-718E-479A-9011-1995D8159011}.AppStore|Any CPU.ActiveCfg = Release|Any CPU
		{C4E7EBFF-718E-479A-9011-1995D8159011}.AppStore|Any CPU.Build.0 = Release|Any CPU
		{C4E7EBFF-718E-479A-9011-1995D8159011}.AppStore|Any CPU.Deploy.0 = Release|Any CPU
		{C4E7EBFF-718E-479A-9011-1995D8159011}.AppStore|iPhone.ActiveCfg = Release|Any CPU
		{C4E7EBFF-718E-479A-9011-1995D8159011}.AppStore|iPhone.Build.0 = Release|Any CPU
		{C4E7EBFF-718E-479A-9011-1995D8159011}.AppStore|iPhone.Deploy.0 = Release|Any CPU
		{C4E7EBFF-718E-479A-9011-1995D8159011}.AppStore|iPhoneSimulator.ActiveCfg = Release|Any CPU
		{C4E7EBFF-718E-479A-9011-1995D8159011}.AppStore|iPhoneSimulator.Build.0 = Release|Any CPU
		{C4E7EBFF-718E-479A-9011-1995D8159011}.AppStore|iPhoneSimulator.Deploy.0 = Release|Any CPU
		{C4E7EBFF-718E-479A-9011-1995D8159011}.Debug|Any CPU.ActiveCfg = Debug|Any CPU
		{C4E7EBFF-718E-479A-9011-1995D8159011}.Debug|Any CPU.Build.0 = Debug|Any CPU
		{C4E7EBFF-718E-479A-9011-1995D8159011}.Debug|Any CPU.Deploy.0 = Debug|Any CPU
		{C4E7EBFF-718E-479A-9011-1995D8159011}.Debug|iPhone.ActiveCfg = Debug|Any CPU
		{C4E7EBFF-718E-479A-9011-1995D8159011}.Debug|iPhone.Build.0 = Debug|Any CPU
		{C4E7EBFF-718E-479A-9011-1995D8159011}.Debug|iPhone.Deploy.0 = Debug|Any CPU
		{C4E7EBFF-718E-479A-9011-1995D8159011}.Debug|iPhoneSimulator.ActiveCfg = Debug|Any CPU
		{C4E7EBFF-718E-479A-9011-1995D8159011}.Debug|iPhoneSimulator.Build.0 = Debug|Any CPU
		{C4E7EBFF-718E-479A-9011-1995D8159011}.Debug|iPhoneSimulator.Deploy.0 = Debug|Any CPU
		{C4E7EBFF-718E-479A-9011-1995D8159011}.Release|Any CPU.ActiveCfg = Release|Any CPU
		{C4E7EBFF-718E-479A-9011-1995D8159011}.Release|Any CPU.Build.0 = Release|Any CPU
		{C4E7EBFF-718E-479A-9011-1995D8159011}.Release|Any CPU.Deploy.0 = Release|Any CPU
		{C4E7EBFF-718E-479A-9011-1995D8159011}.Release|iPhone.ActiveCfg = Release|Any CPU
		{C4E7EBFF-718E-479A-9011-1995D8159011}.Release|iPhone.Build.0 = Release|Any CPU
		{C4E7EBFF-718E-479A-9011-1995D8159011}.Release|iPhone.Deploy.0 = Release|Any CPU
		{C4E7EBFF-718E-479A-9011-1995D8159011}.Release|iPhoneSimulator.ActiveCfg = Release|Any CPU
		{C4E7EBFF-718E-479A-9011-1995D8159011}.Release|iPhoneSimulator.Build.0 = Release|Any CPU
		{C4E7EBFF-718E-479A-9011-1995D8159011}.Release|iPhoneSimulator.Deploy.0 = Release|Any CPU
		{20A548E4-BEC6-48F5-9889-8B44ED24CE37}.Ad-Hoc|Any CPU.ActiveCfg = Ad-Hoc|iPhone
		{20A548E4-BEC6-48F5-9889-8B44ED24CE37}.Ad-Hoc|iPhone.ActiveCfg = Ad-Hoc|iPhone
		{20A548E4-BEC6-48F5-9889-8B44ED24CE37}.Ad-Hoc|iPhone.Build.0 = Ad-Hoc|iPhone
		{20A548E4-BEC6-48F5-9889-8B44ED24CE37}.Ad-Hoc|iPhoneSimulator.ActiveCfg = Ad-Hoc|iPhoneSimulator
		{20A548E4-BEC6-48F5-9889-8B44ED24CE37}.Ad-Hoc|iPhoneSimulator.Build.0 = Ad-Hoc|iPhoneSimulator
		{20A548E4-BEC6-48F5-9889-8B44ED24CE37}.AppStore|Any CPU.ActiveCfg = AppStore|iPhone
		{20A548E4-BEC6-48F5-9889-8B44ED24CE37}.AppStore|iPhone.ActiveCfg = AppStore|iPhone
		{20A548E4-BEC6-48F5-9889-8B44ED24CE37}.AppStore|iPhone.Build.0 = AppStore|iPhone
		{20A548E4-BEC6-48F5-9889-8B44ED24CE37}.AppStore|iPhoneSimulator.ActiveCfg = AppStore|iPhoneSimulator
		{20A548E4-BEC6-48F5-9889-8B44ED24CE37}.AppStore|iPhoneSimulator.Build.0 = AppStore|iPhoneSimulator
		{20A548E4-BEC6-48F5-9889-8B44ED24CE37}.Debug|Any CPU.ActiveCfg = Debug|iPhone
		{20A548E4-BEC6-48F5-9889-8B44ED24CE37}.Debug|iPhone.ActiveCfg = Debug|iPhone
		{20A548E4-BEC6-48F5-9889-8B44ED24CE37}.Debug|iPhone.Build.0 = Debug|iPhone
		{20A548E4-BEC6-48F5-9889-8B44ED24CE37}.Debug|iPhoneSimulator.ActiveCfg = Debug|iPhoneSimulator
		{20A548E4-BEC6-48F5-9889-8B44ED24CE37}.Debug|iPhoneSimulator.Build.0 = Debug|iPhoneSimulator
		{20A548E4-BEC6-48F5-9889-8B44ED24CE37}.Release|Any CPU.ActiveCfg = Release|iPhone
		{20A548E4-BEC6-48F5-9889-8B44ED24CE37}.Release|iPhone.ActiveCfg = Release|iPhone
		{20A548E4-BEC6-48F5-9889-8B44ED24CE37}.Release|iPhone.Build.0 = Release|iPhone
		{20A548E4-BEC6-48F5-9889-8B44ED24CE37}.Release|iPhoneSimulator.ActiveCfg = Release|iPhoneSimulator
		{20A548E4-BEC6-48F5-9889-8B44ED24CE37}.Release|iPhoneSimulator.Build.0 = Release|iPhoneSimulator
		{C3C4E4FB-A46C-41D7-A08A-62E45E386D4F}.Ad-Hoc|Any CPU.ActiveCfg = Release|Any CPU
		{C3C4E4FB-A46C-41D7-A08A-62E45E386D4F}.Ad-Hoc|Any CPU.Build.0 = Release|Any CPU
		{C3C4E4FB-A46C-41D7-A08A-62E45E386D4F}.Ad-Hoc|iPhone.ActiveCfg = Release|Any CPU
		{C3C4E4FB-A46C-41D7-A08A-62E45E386D4F}.Ad-Hoc|iPhone.Build.0 = Release|Any CPU
		{C3C4E4FB-A46C-41D7-A08A-62E45E386D4F}.Ad-Hoc|iPhoneSimulator.ActiveCfg = Release|Any CPU
		{C3C4E4FB-A46C-41D7-A08A-62E45E386D4F}.Ad-Hoc|iPhoneSimulator.Build.0 = Release|Any CPU
		{C3C4E4FB-A46C-41D7-A08A-62E45E386D4F}.AppStore|Any CPU.ActiveCfg = Release|Any CPU
		{C3C4E4FB-A46C-41D7-A08A-62E45E386D4F}.AppStore|Any CPU.Build.0 = Release|Any CPU
		{C3C4E4FB-A46C-41D7-A08A-62E45E386D4F}.AppStore|iPhone.ActiveCfg = Release|Any CPU
		{C3C4E4FB-A46C-41D7-A08A-62E45E386D4F}.AppStore|iPhone.Build.0 = Release|Any CPU
		{C3C4E4FB-A46C-41D7-A08A-62E45E386D4F}.AppStore|iPhoneSimulator.ActiveCfg = Release|Any CPU
		{C3C4E4FB-A46C-41D7-A08A-62E45E386D4F}.AppStore|iPhoneSimulator.Build.0 = Release|Any CPU
		{C3C4E4FB-A46C-41D7-A08A-62E45E386D4F}.Debug|Any CPU.ActiveCfg = Debug|Any CPU
		{C3C4E4FB-A46C-41D7-A08A-62E45E386D4F}.Debug|Any CPU.Build.0 = Debug|Any CPU
		{C3C4E4FB-A46C-41D7-A08A-62E45E386D4F}.Debug|iPhone.ActiveCfg = Debug|Any CPU
		{C3C4E4FB-A46C-41D7-A08A-62E45E386D4F}.Debug|iPhone.Build.0 = Debug|Any CPU
		{C3C4E4FB-A46C-41D7-A08A-62E45E386D4F}.Debug|iPhoneSimulator.ActiveCfg = Debug|Any CPU
		{C3C4E4FB-A46C-41D7-A08A-62E45E386D4F}.Debug|iPhoneSimulator.Build.0 = Debug|Any CPU
		{C3C4E4FB-A46C-41D7-A08A-62E45E386D4F}.Release|Any CPU.ActiveCfg = Release|Any CPU
		{C3C4E4FB-A46C-41D7-A08A-62E45E386D4F}.Release|Any CPU.Build.0 = Release|Any CPU
		{C3C4E4FB-A46C-41D7-A08A-62E45E386D4F}.Release|iPhone.ActiveCfg = Release|Any CPU
		{C3C4E4FB-A46C-41D7-A08A-62E45E386D4F}.Release|iPhone.Build.0 = Release|Any CPU
		{C3C4E4FB-A46C-41D7-A08A-62E45E386D4F}.Release|iPhoneSimulator.ActiveCfg = Release|Any CPU
		{C3C4E4FB-A46C-41D7-A08A-62E45E386D4F}.Release|iPhoneSimulator.Build.0 = Release|Any CPU
	EndGlobalSection
	GlobalSection(SolutionProperties) = preSolution
		HideSolutionNode = FALSE
	EndGlobalSection
EndGlobal
