
Microsoft Visual Studio Solution File, Format Version 12.00
# Visual Studio 14
VisualStudioVersion = 14.0.25420.1
MinimumVisualStudioVersion = 10.0.40219.1
Project("{FAE04EC0-301F-11D3-BF4B-00C04F79EFBC}") = "MockClient", "..\MockClient\MockClient\MockClient.csproj", "{515F4211-55E4-41C0-9659-DEF538FFDE3A}"
EndProject
Project("{FAE04EC0-301F-11D3-BF4B-00C04F79EFBC}") = "PortableWebService", "PortableWebService\PortableWebService.csproj", "{C3C4E4FB-A46C-41D7-A08A-62E45E386D4F}"
EndProject
Global
	GlobalSection(SolutionConfigurationPlatforms) = preSolution
		Debug|Any CPU = Debug|Any CPU
		Release|Any CPU = Release|Any CPU
	EndGlobalSection
	GlobalSection(ProjectConfigurationPlatforms) = postSolution
		{515F4211-55E4-41C0-9659-DEF538FFDE3A}.Debug|Any CPU.ActiveCfg = Debug|Any CPU
		{515F4211-55E4-41C0-9659-DEF538FFDE3A}.Debug|Any CPU.Build.0 = Debug|Any CPU
		{515F4211-55E4-41C0-9659-DEF538FFDE3A}.Release|Any CPU.ActiveCfg = Release|Any CPU
		{515F4211-55E4-41C0-9659-DEF538FFDE3A}.Release|Any CPU.Build.0 = Release|Any CPU
		{C3C4E4FB-A46C-41D7-A08A-62E45E386D4F}.Debug|Any CPU.ActiveCfg = Debug|Any CPU
		{C3C4E4FB-A46C-41D7-A08A-62E45E386D4F}.Debug|Any CPU.Build.0 = Debug|Any CPU
		{C3C4E4FB-A46C-41D7-A08A-62E45E386D4F}.Release|Any CPU.ActiveCfg = Release|Any CPU
		{C3C4E4FB-A46C-41D7-A08A-62E45E386D4F}.Release|Any CPU.Build.0 = Release|Any CPU
	EndGlobalSection
	GlobalSection(SolutionProperties) = preSolution
		HideSolutionNode = FALSE
	EndGlobalSection
EndGlobal
